{
  "name": "automation_model",
  "version": "1.0.60",
  "lockfileVersion": 2,
  "requires": true,
  "packages": {
    "": {
      "name": "automation_model",
      "version": "1.0.60",
      "license": "ISC",
      "dependencies": {
        "@playwright/test": "^1.35.0",
        "playwright": "^1.39.0",
        "regex-parser": "^2.2.11"
      },
      "devDependencies": {
        "typescript": "^5.2.2"
      }
    },
    "node_modules/@playwright/test": {
      "version": "1.35.0",
      "resolved": "https://registry.npmjs.org/@playwright/test/-/test-1.35.0.tgz",
      "integrity": "sha512-6qXdd5edCBynOwsz1YcNfgX8tNWeuS9fxy5o59D0rvHXxRtjXRebB4gE4vFVfEMXl/z8zTnAzfOs7aQDEs8G4Q==",
      "dependencies": {
        "@types/node": "*",
        "playwright-core": "1.35.0"
      },
      "bin": {
        "playwright": "cli.js"
      },
      "engines": {
        "node": ">=16"
      },
      "optionalDependencies": {
        "fsevents": "2.3.2"
      }
    },
    "node_modules/@playwright/test/node_modules/playwright-core": {
      "version": "1.35.0",
      "resolved": "https://registry.npmjs.org/playwright-core/-/playwright-core-1.35.0.tgz",
      "integrity": "sha512-muMXyPmIx/2DPrCHOD1H1ePT01o7OdKxKj2ebmCAYvqhUy+Y1bpal7B0rdoxros7YrXI294JT/DWw2LqyiqTPA==",
      "bin": {
        "playwright-core": "cli.js"
      },
      "engines": {
        "node": ">=16"
      }
    },
    "node_modules/@types/node": {
      "version": "20.3.1",
      "resolved": "https://registry.npmjs.org/@types/node/-/node-20.3.1.tgz",
      "integrity": "sha512-EhcH/wvidPy1WeML3TtYFGR83UzjxeWRen9V402T8aUGYsCHOmfoisV3ZSg03gAFIbLq8TnWOJ0f4cALtnSEUg=="
    },
    "node_modules/fsevents": {
      "version": "2.3.2",
      "resolved": "https://registry.npmjs.org/fsevents/-/fsevents-2.3.2.tgz",
      "integrity": "sha512-xiqMQR4xAeHTuB9uWm+fFRcIOgKBMiOBP+eXiyT7jsgVCq1bkVygt00oASowB7EdtpOHaaPgKt812P9ab+DDKA==",
      "hasInstallScript": true,
      "optional": true,
      "os": [
        "darwin"
      ],
      "engines": {
        "node": "^8.16.0 || ^10.6.0 || >=11.0.0"
      }
    },
    "node_modules/playwright": {
      "version": "1.39.0",
      "resolved": "https://registry.npmjs.org/playwright/-/playwright-1.39.0.tgz",
      "integrity": "sha512-naE5QT11uC/Oiq0BwZ50gDmy8c8WLPRTEWuSSFVG2egBka/1qMoSqYQcROMT9zLwJ86oPofcTH2jBY/5wWOgIw==",
      "dependencies": {
        "playwright-core": "1.39.0"
      },
      "bin": {
        "playwright": "cli.js"
      },
      "engines": {
        "node": ">=16"
      },
      "optionalDependencies": {
        "fsevents": "2.3.2"
      }
    },
    "node_modules/playwright-core": {
      "version": "1.39.0",
      "resolved": "https://registry.npmjs.org/playwright-core/-/playwright-core-1.39.0.tgz",
      "integrity": "sha512-+k4pdZgs1qiM+OUkSjx96YiKsXsmb59evFoqv8SKO067qBA+Z2s/dCzJij/ZhdQcs2zlTAgRKfeiiLm8PQ2qvw==",
      "bin": {
        "playwright-core": "cli.js"
      },
      "engines": {
        "node": ">=16"
      }
    },
    "node_modules/regex-parser": {
      "version": "2.2.11",
      "resolved": "https://registry.npmjs.org/regex-parser/-/regex-parser-2.2.11.tgz",
      "integrity": "sha512-jbD/FT0+9MBU2XAZluI7w2OBs1RBi6p9M83nkoZayQXXU9e8Robt69FcZc7wU4eJD/YFTjn1JdCk3rbMJajz8Q=="
    },
    "node_modules/typescript": {
      "version": "5.2.2",
      "resolved": "https://registry.npmjs.org/typescript/-/typescript-5.2.2.tgz",
      "integrity": "sha512-mI4WrpHsbCIcwT9cF4FZvr80QUeKvsUsUvKDoR+X/7XHQH98xYD8YHZg7ANtz2GtZt/CBq2QJ0thkGJMHfqc1w==",
      "dev": true,
      "bin": {
        "tsc": "bin/tsc",
        "tsserver": "bin/tsserver"
      },
      "engines": {
        "node": ">=14.17"
      }
    }
  },
  "dependencies": {
    "@playwright/test": {
      "version": "1.35.0",
      "resolved": "https://registry.npmjs.org/@playwright/test/-/test-1.35.0.tgz",
      "integrity": "sha512-6qXdd5edCBynOwsz1YcNfgX8tNWeuS9fxy5o59D0rvHXxRtjXRebB4gE4vFVfEMXl/z8zTnAzfOs7aQDEs8G4Q==",
      "requires": {
        "@types/node": "*",
        "fsevents": "2.3.2",
        "playwright-core": "1.35.0"
      },
      "dependencies": {
        "playwright-core": {
          "version": "1.35.0",
          "resolved": "https://registry.npmjs.org/playwright-core/-/playwright-core-1.35.0.tgz",
          "integrity": "sha512-muMXyPmIx/2DPrCHOD1H1ePT01o7OdKxKj2ebmCAYvqhUy+Y1bpal7B0rdoxros7YrXI294JT/DWw2LqyiqTPA=="
        }
      }
    },
    "@types/node": {
      "version": "20.3.1",
      "resolved": "https://registry.npmjs.org/@types/node/-/node-20.3.1.tgz",
      "integrity": "sha512-EhcH/wvidPy1WeML3TtYFGR83UzjxeWRen9V402T8aUGYsCHOmfoisV3ZSg03gAFIbLq8TnWOJ0f4cALtnSEUg=="
    },
    "fsevents": {
      "version": "2.3.2",
      "resolved": "https://registry.npmjs.org/fsevents/-/fsevents-2.3.2.tgz",
      "integrity": "sha512-xiqMQR4xAeHTuB9uWm+fFRcIOgKBMiOBP+eXiyT7jsgVCq1bkVygt00oASowB7EdtpOHaaPgKt812P9ab+DDKA==",
      "optional": true
    },
    "playwright": {
      "version": "1.39.0",
      "resolved": "https://registry.npmjs.org/playwright/-/playwright-1.39.0.tgz",
      "integrity": "sha512-naE5QT11uC/Oiq0BwZ50gDmy8c8WLPRTEWuSSFVG2egBka/1qMoSqYQcROMT9zLwJ86oPofcTH2jBY/5wWOgIw==",
      "requires": {
        "fsevents": "2.3.2",
        "playwright-core": "1.39.0"
      }
    },
    "playwright-core": {
      "version": "1.39.0",
      "resolved": "https://registry.npmjs.org/playwright-core/-/playwright-core-1.39.0.tgz",
      "integrity": "sha512-+k4pdZgs1qiM+OUkSjx96YiKsXsmb59evFoqv8SKO067qBA+Z2s/dCzJij/ZhdQcs2zlTAgRKfeiiLm8PQ2qvw=="
    },
    "regex-parser": {
      "version": "2.2.11",
      "resolved": "https://registry.npmjs.org/regex-parser/-/regex-parser-2.2.11.tgz",
      "integrity": "sha512-jbD/FT0+9MBU2XAZluI7w2OBs1RBi6p9M83nkoZayQXXU9e8Robt69FcZc7wU4eJD/YFTjn1JdCk3rbMJajz8Q=="
    },
    "typescript": {
      "version": "5.2.2",
      "resolved": "https://registry.npmjs.org/typescript/-/typescript-5.2.2.tgz",
      "integrity": "sha512-mI4WrpHsbCIcwT9cF4FZvr80QUeKvsUsUvKDoR+X/7XHQH98xYD8YHZg7ANtz2GtZt/CBq2QJ0thkGJMHfqc1w==",
      "dev": true
    }
  }
}
